
Microsoft Visual Studio Solution File, Format Version 12.00
# Visual Studio Version 17
VisualStudioVersion = 17.0.31903.59
MinimumVisualStudioVersion = 10.0.40219.1
Project("{FAE04EC0-301F-11D3-BF4B-00C04F79EFBC}") = "Pinecone", "src\Pinecone.csproj", "{BD39ECA6-DEE9-4A5B-BC97-E4899F0E4EF6}"
EndProject
Project("{FAE04EC0-301F-11D3-BF4B-00C04F79EFBC}") = "Example", "example\Example.csproj", "{919B9AF0-F429-4F3B-8AD9-71E96F228BBD}"
EndProject
Global
	GlobalSection(SolutionConfigurationPlatforms) = preSolution
		Debug|Any CPU = Debug|Any CPU
		Release|Any CPU = Release|Any CPU
	EndGlobalSection
	GlobalSection(SolutionProperties) = preSolution
		HideSolutionNode = FALSE
	EndGlobalSection
	GlobalSection(ProjectConfigurationPlatforms) = postSolution
		{BD39ECA6-DEE9-4A5B-BC97-E4899F0E4EF6}.Debug|Any CPU.ActiveCfg = Debug|Any CPU
		{BD39ECA6-DEE9-4A5B-BC97-E4899F0E4EF6}.Debug|Any CPU.Build.0 = Debug|Any CPU
		{BD39ECA6-DEE9-4A5B-BC97-E4899F0E4EF6}.Release|Any CPU.ActiveCfg = Release|Any CPU
		{BD39ECA6-DEE9-4A5B-BC97-E4899F0E4EF6}.Release|Any CPU.Build.0 = Release|Any CPU
		{919B9AF0-F429-4F3B-8AD9-71E96F228BBD}.Debug|Any CPU.ActiveCfg = Debug|Any CPU
		{919B9AF0-F429-4F3B-8AD9-71E96F228BBD}.Debug|Any CPU.Build.0 = Debug|Any CPU
		{919B9AF0-F429-4F3B-8AD9-71E96F228BBD}.Release|Any CPU.ActiveCfg = Release|Any CPU
		{919B9AF0-F429-4F3B-8AD9-71E96F228BBD}.Release|Any CPU.Build.0 = Release|Any CPU
	EndGlobalSection
EndGlobal
